
Microsoft Visual Studio Solution File, Format Version 12.00
# Visual Studio Version 18
VisualStudioVersion = 18.6.11806.211
MinimumVisualStudioVersion = 10.0.40219.1
Project("{FAE04EC0-301F-11D3-BF4B-00C04F79EFBC}") = "BudgetCalculator", "BudgetCalculator\BudgetCalculator.csproj", "{874BE234-2AA1-7DE6-F69E-6A0B7E7875D7}"
EndProject
Project("{FAE04EC0-301F-11D3-BF4B-00C04F79EFBC}") = "BudgetCalculator.Tests", "BudgetCalculator.Tests\BudgetCalculator.Tests.csproj", "{B0CB5339-87E7-48A4-A60B-E3FC576A3395}"
EndProject
Global
	GlobalSection(SolutionConfigurationPlatforms) = preSolution
		Debug|Any CPU = Debug|Any CPU
		Debug|x64 = Debug|x64
		Debug|x86 = Debug|x86
		Release|Any CPU = Release|Any CPU
		Release|x64 = Release|x64
		Release|x86 = Release|x86
	EndGlobalSection
	GlobalSection(ProjectConfigurationPlatforms) = postSolution
		{874BE234-2AA1-7DE6-F69E-6A0B7E7875D7}.Debug|Any CPU.ActiveCfg = Debug|Any CPU
		{874BE234-2AA1-7DE6-F69E-6A0B7E7875D7}.Debug|Any CPU.Build.0 = Debug|Any CPU
		{874BE234-2AA1-7DE6-F69E-6A0B7E7875D7}.Debug|x64.ActiveCfg = Debug|Any CPU
		{874BE234-2AA1-7DE6-F69E-6A0B7E7875D7}.Debug|x64.Build.0 = Debug|Any CPU
		{874BE234-2AA1-7DE6-F69E-6A0B7E7875D7}.Debug|x86.ActiveCfg = Debug|Any CPU
		{874BE234-2AA1-7DE6-F69E-6A0B7E7875D7}.Debug|x86.Build.0 = Debug|Any CPU
		{874BE234-2AA1-7DE6-F69E-6A0B7E7875D7}.Release|Any CPU.ActiveCfg = Release|Any CPU
		{874BE234-2AA1-7DE6-F69E-6A0B7E7875D7}.Release|Any CPU.Build.0 = Release|Any CPU
		{874BE234-2AA1-7DE6-F69E-6A0B7E7875D7}.Release|x64.ActiveCfg = Release|Any CPU
		{874BE234-2AA1-7DE6-F69E-6A0B7E7875D7}.Release|x64.Build.0 = Release|Any CPU
		{874BE234-2AA1-7DE6-F69E-6A0B7E7875D7}.Release|x86.ActiveCfg = Release|Any CPU
		{874BE234-2AA1-7DE6-F69E-6A0B7E7875D7}.Release|x86.Build.0 = Release|Any CPU
		{B0CB5339-87E7-48A4-A60B-E3FC576A3395}.Debug|Any CPU.ActiveCfg = Debug|Any CPU
		{B0CB5339-87E7-48A4-A60B-E3FC576A3395}.Debug|Any CPU.Build.0 = Debug|Any CPU
		{B0CB5339-87E7-48A4-A60B-E3FC576A3395}.Debug|x64.ActiveCfg = Debug|Any CPU
		{B0CB5339-87E7-48A4-A60B-E3FC576A3395}.Debug|x64.Build.0 = Debug|Any CPU
		{B0CB5339-87E7-48A4-A60B-E3FC576A3395}.Debug|x86.ActiveCfg = Debug|Any CPU
		{B0CB5339-87E7-48A4-A60B-E3FC576A3395}.Debug|x86.Build.0 = Debug|Any CPU
		{B0CB5339-87E7-48A4-A60B-E3FC576A3395}.Release|Any CPU.ActiveCfg = Release|Any CPU
		{B0CB5339-87E7-48A4-A60B-E3FC576A3395}.Release|Any CPU.Build.0 = Release|Any CPU
		{B0CB5339-87E7-48A4-A60B-E3FC576A3395}.Release|x64.ActiveCfg = Release|Any CPU
		{B0CB5339-87E7-48A4-A60B-E3FC576A3395}.Release|x64.Build.0 = Release|Any CPU
		{B0CB5339-87E7-48A4-A60B-E3FC576A3395}.Release|x86.ActiveCfg = Release|Any CPU
		{B0CB5339-87E7-48A4-A60B-E3FC576A3395}.Release|x86.Build.0 = Release|Any CPU
	EndGlobalSection
	GlobalSection(SolutionProperties) = preSolution
		HideSolutionNode = FALSE
	EndGlobalSection
	GlobalSection(ExtensibilityGlobals) = postSolution
		SolutionGuid = {0128A9F4-E6BD-4AF0-A56B-510FA0FD5463}
	EndGlobalSection
EndGlobal
